{
  "requires": true,
  "lockfileVersion": 1,
  "dependencies": {
    "systeminformation": {
      "version": "5.21.24",
      "resolved": "https://registry.npmjs.org/systeminformation/-/systeminformation-5.21.24.tgz",
      "integrity": "sha512-xQada8ByGGFoRXJaUptGgddn3i7IjtSdqNdCKzB8xkzsM7pHnfLYBWxkPdGzhZ0Z/l+W1yo+aZQZ74d2isj8kw=="
    }
  }
}
