{
  "name": "networkmonitor",
  "version": "1.0.1",
  "lockfileVersion": 3,
  "requires": true,
  "packages": {
    "": {
      "version": "1.0.1",
      "license": "MIT",
      "dependencies": {
        "systeminformation": "^5.30.8"
      }
    },
    "node_modules/systeminformation": {
      "version": "5.30.8",
      "resolved": "https://registry.npmjs.org/systeminformation/-/systeminformation-5.30.8.tgz",
      "integrity": "sha512-imB8LwJCc2DkufKlSRHfzbjhheGzpg1P31A4c55IKTq/ll6Agn1rhBOY+WmS/hyg5inGFp7AyZIK0gvq5rFO2Q==",
      "license": "MIT",
      "os": [
        "darwin",
        "linux",
        "win32",
        "freebsd",
        "openbsd",
        "netbsd",
        "sunos",
        "android"
      ],
      "bin": {
        "systeminformation": "lib/cli.js"
      },
      "engines": {
        "node": ">=8.0.0"
      },
      "funding": {
        "type": "Buy me a coffee",
        "url": "https://www.buymeacoffee.com/systeminfo"
      }
    }
  }
}
